# This file was autogenerated by Stack.
# You should not edit this file by hand.
# For more information, please see the documentation at:
#   https://docs.haskellstack.org/en/stable/topics/lock_files

packages:
- completed:
    commit: ec93fc575a49516142242ef64f7dff75909ceb79
    git: https://github.com/seanhess/hyperbole
    name: hyperbole
    pantry-tree:
      sha256: 84ee4749d2082c25c149cebbe63b28f83d6e84cdc26a87aefb51e893f5e04696
      size: 8549
    version: 0.4.2
  original:
    commit: ec93fc575a49516142242ef64f7dff75909ceb79
    git: https://github.com/seanhess/hyperbole
- completed:
    commit: 1e113328a0b69c25baa1fe0a965b1636cf916333
    git: https://github.com/seanhess/web-view/
    name: web-view
    pantry-tree:
      sha256: 6911cd3caabb58f89c88b647539da96e03d3a047bf97f26b12cf5749c0fba6e1
      size: 2417
    version: 0.7.0
  original:
    commit: 1e113328a0b69c25baa1fe0a965b1636cf916333
    git: https://github.com/seanhess/web-view/
- completed:
    hackage: effectful-2.5.1.0@sha256:bc202099c724feeac0cc083a719aab2d2ba91a1eb18e9150c560054008a93e12,7440
    pantry-tree:
      sha256: 3ab0c92d57e93247ed96ae41652910f14cad45ff1082f6d1f7566d70ca97fc88
      size: 3409
  original:
    hackage: effectful-2.5.1.0@sha256:bc202099c724feeac0cc083a719aab2d2ba91a1eb18e9150c560054008a93e12,7440
- completed:
    hackage: http-api-data-0.6.1@sha256:e389f4353cc6fc9a6522e2a6e21973fe627deac2fcae5df753fe1606a182813f,3247
    pantry-tree:
      sha256: 2d03a605ac637ccfed7d027188450030d072bbd786058f0f0c5f46fb0fbb0256
      size: 819
  original:
    hackage: http-api-data-0.6.1@sha256:e389f4353cc6fc9a6522e2a6e21973fe627deac2fcae5df753fe1606a182813f,3247
- completed:
    hackage: effectful-core-2.5.1.0@sha256:252d6c7641d8ecf16d7d228ad2aced011b92f36e175acdf6ccac528e576cf7cb,4211
    pantry-tree:
      sha256: b9e1311d58a351a92425a405ca7483addfdb6e5a5e3f5a707f50e32b7a577623
      size: 2474
  original:
    hackage: effectful-core-2.5.1.0@sha256:252d6c7641d8ecf16d7d228ad2aced011b92f36e175acdf6ccac528e576cf7cb,4211
- completed:
    hackage: strict-mutable-base-1.1.0.0@sha256:b1c039f6b179aedb420a90cbe15d3c3e78fbaaa7146ed02700b84c6018ee734f,1430
    pantry-tree:
      sha256: 72f03d9f5f5ad68f71e3405f8060b7a1b0875cd3f6a73ac52b8b2f091ae984d2
      size: 439
  original:
    hackage: strict-mutable-base-1.1.0.0@sha256:b1c039f6b179aedb420a90cbe15d3c3e78fbaaa7146ed02700b84c6018ee734f,1430
- completed:
    hackage: uuid-types-1.0.6@sha256:595644500d36908be85cd02fb446c411555ecc5c59b7ce33d1205cfc9ceb55a6,2604
    pantry-tree:
      sha256: 8ddb70a1c62025f4cb9e5d0b1063631e3b0f709a70b320e7a30696ee4398559c
      size: 480
  original:
    hackage: uuid-types-1.0.6@sha256:595644500d36908be85cd02fb446c411555ecc5c59b7ce33d1205cfc9ceb55a6,2604
- completed:
    hackage: tls-2.0.6@sha256:387db273062241f460b9e85e86ce085877a5958a65cc30946bcc624a9f5274e2,6358
    pantry-tree:
      sha256: b60b3c6f5cf72a9ea8a4311a794d1b23c1bedd4bad1e6a1ca0784d97f1a82bac
      size: 6451
  original:
    hackage: tls-2.0.6@sha256:387db273062241f460b9e85e86ce085877a5958a65cc30946bcc624a9f5274e2,6358
- completed:
    hackage: data-default-0.8.0.0@sha256:ba77cbe437508d5dfe4dec1e929121a92f0d6fc004c30fabb94c78172c0606dc,1016
    pantry-tree:
      sha256: 2ced4cb63070004ac8650e38d5544a25d941fcc8167787505468a163dd28daeb
      size: 331
  original:
    hackage: data-default-0.8.0.0@sha256:ba77cbe437508d5dfe4dec1e929121a92f0d6fc004c30fabb94c78172c0606dc,1016
- completed:
    hackage: data-default-class-0.2.0.0@sha256:788dc5c0be3981ca83ad11206e300a77ae8a1c8b9bc4f9630f563d37f540ccbd,728
    pantry-tree:
      sha256: 2ddcb2ed7288849c7c46c7b3ae4fd0df016069a125f5803740974ea59700df19
      size: 224
  original:
    hackage: data-default-class-0.2.0.0@sha256:788dc5c0be3981ca83ad11206e300a77ae8a1c8b9bc4f9630f563d37f540ccbd,728
snapshots:
- completed:
    sha256: 08bd13ce621b41a8f5e51456b38d5b46d7783ce114a50ab604d6bbab0d002146
    size: 720271
    url: https://raw.githubusercontent.com/commercialhaskell/stackage-snapshots/master/lts/22/43.yaml
  original: lts-22.43
