# This file was autogenerated by Stack.
# You should not edit this file by hand.
# For more information, please see the documentation at:
#   https://docs.haskellstack.org/en/stable/lock_files

packages:
- completed:
    hackage: hoauth2-providers-0.8.0@sha256:78ac02bed781b7b9c28f4876fb62c8bcce62e21dd8313cdc1e0e654b189df420,3058
    pantry-tree:
      sha256: 763c270af90342e60c9d8290fc525528bab64bcb2e970ce96f0d944d447526c9
      size: 1550
  original:
    hackage: hoauth2-providers-0.8.0@sha256:78ac02bed781b7b9c28f4876fb62c8bcce62e21dd8313cdc1e0e654b189df420,3058
- completed:
    hackage: jose-jwt-0.10.0@sha256:6ed175a01c721e317ceea15eb251a81de145c03711a977517935633a5cdec1d4,3546
    pantry-tree:
      sha256: 58649e68e2d1adb47d8ed8741bd27ac23a2f19e3ee62bc28a68ac8642b3e0858
      size: 1231
  original:
    hackage: jose-jwt-0.10.0@sha256:6ed175a01c721e317ceea15eb251a81de145c03711a977517935633a5cdec1d4,3546
- completed:
    commit: 6c86542a1843b747a52f4f3b7c25bb67c6bb2828
    git: https://github.com/facebook/Haxl.git
    name: haxl
    pantry-tree:
      sha256: 1994b7e0d98b273bf0e3662a2d8c24691fe8acf8f2a1b625bb8ee81cfa364c0a
      size: 4438
    version: 2.5.1.0
  original:
    commit: 6c86542a1843b747a52f4f3b7c25bb67c6bb2828
    git: https://github.com/facebook/Haxl.git
- completed:
    commit: 38f42e06032e31f5ed81b447853b756aecb08209
    git: https://github.com/flipstone/orville
    name: orville-postgresql
    pantry-tree:
      sha256: 26ad48d4a4cc1cf7b516e9f45e1f6228362a883c4bb4c3cece7cc2a953272105
      size: 16722
    subdir: orville-postgresql
    version: 1.1.0.0
  original:
    commit: 38f42e06032e31f5ed81b447853b756aecb08209
    git: https://github.com/flipstone/orville
    subdir: orville-postgresql
snapshots:
- completed:
    sha256: 98fe98dae6f42f9b4405e5467f62f57df2896c57b742a09772688c900c722510
    size: 719579
    url: https://raw.githubusercontent.com/commercialhaskell/stackage-snapshots/master/lts/22/29.yaml
  original:
    url: https://raw.githubusercontent.com/commercialhaskell/stackage-snapshots/master/lts/22/29.yaml
