# This file was autogenerated by Stack.
# You should not edit this file by hand.
# For more information, please see the documentation at:
#   https://docs.haskellstack.org/en/stable/lock_files

packages:
- completed:
    commit: 38f42e06032e31f5ed81b447853b756aecb08209
    git: https://github.com/flipstone/orville
    name: orville-postgresql
    pantry-tree:
      sha256: 26ad48d4a4cc1cf7b516e9f45e1f6228362a883c4bb4c3cece7cc2a953272105
      size: 16722
    subdir: orville-postgresql
    version: 1.1.0.0
  original:
    commit: 38f42e06032e31f5ed81b447853b756aecb08209
    git: https://github.com/flipstone/orville
    subdir: orville-postgresql
snapshots:
- completed:
    sha256: 98fe98dae6f42f9b4405e5467f62f57df2896c57b742a09772688c900c722510
    size: 719579
    url: https://raw.githubusercontent.com/commercialhaskell/stackage-snapshots/master/lts/22/29.yaml
  original:
    url: https://raw.githubusercontent.com/commercialhaskell/stackage-snapshots/master/lts/22/29.yaml
